
Microsoft Visual Studio Solution File, Format Version 12.00
# Visual Studio 2013
VisualStudioVersion = 12.0.31101.0
MinimumVisualStudioVersion = 10.0.40219.1
Project("{FAE04EC0-301F-11D3-BF4B-00C04F79EFBC}") = "Quickselect", "src\Quickselect\Quickselect.csproj", "{B25D9A26-C094-4740-90D2-00EEC452203A}"
EndProject
Project("{FAE04EC0-301F-11D3-BF4B-00C04F79EFBC}") = "UnitTests", "test-src\UnitTests\UnitTests.csproj", "{D030A0A8-9BFE-41D0-ABB7-B49F97625AF7}"
EndProject
Project("{2150E333-8FDC-42A3-9474-1A3956D46DE8}") = "Algorithms", "Algorithms", "{081A00C4-A875-45A8-B599-A6B46EB1AF82}"
EndProject
Project("{2150E333-8FDC-42A3-9474-1A3956D46DE8}") = "Unit Tests", "Unit Tests", "{605CD6DC-62BC-4EBD-9BF3-760DFCBD3E8D}"
EndProject
Global
	GlobalSection(SolutionConfigurationPlatforms) = preSolution
		Debug|Any CPU = Debug|Any CPU
		Release|Any CPU = Release|Any CPU
	EndGlobalSection
	GlobalSection(ProjectConfigurationPlatforms) = postSolution
		{B25D9A26-C094-4740-90D2-00EEC452203A}.Debug|Any CPU.ActiveCfg = Debug|Any CPU
		{B25D9A26-C094-4740-90D2-00EEC452203A}.Debug|Any CPU.Build.0 = Debug|Any CPU
		{B25D9A26-C094-4740-90D2-00EEC452203A}.Release|Any CPU.ActiveCfg = Release|Any CPU
		{B25D9A26-C094-4740-90D2-00EEC452203A}.Release|Any CPU.Build.0 = Release|Any CPU
		{D030A0A8-9BFE-41D0-ABB7-B49F97625AF7}.Debug|Any CPU.ActiveCfg = Debug|Any CPU
		{D030A0A8-9BFE-41D0-ABB7-B49F97625AF7}.Debug|Any CPU.Build.0 = Debug|Any CPU
		{D030A0A8-9BFE-41D0-ABB7-B49F97625AF7}.Release|Any CPU.ActiveCfg = Release|Any CPU
		{D030A0A8-9BFE-41D0-ABB7-B49F97625AF7}.Release|Any CPU.Build.0 = Release|Any CPU
	EndGlobalSection
	GlobalSection(SolutionProperties) = preSolution
		HideSolutionNode = FALSE
	EndGlobalSection
	GlobalSection(NestedProjects) = preSolution
		{B25D9A26-C094-4740-90D2-00EEC452203A} = {081A00C4-A875-45A8-B599-A6B46EB1AF82}
		{D030A0A8-9BFE-41D0-ABB7-B49F97625AF7} = {605CD6DC-62BC-4EBD-9BF3-760DFCBD3E8D}
	EndGlobalSection
EndGlobal
