
Microsoft Visual Studio Solution File, Format Version 12.00
# Visual Studio 2013
VisualStudioVersion = 12.0.31101.0
MinimumVisualStudioVersion = 10.0.40219.1
Project("{FAE04EC0-301F-11D3-BF4B-00C04F79EFBC}") = "Algorithms", "src\Algorithms\Algorithms.csproj", "{2587023C-779E-4DFF-A4BB-C500D12FF08C}"
EndProject
Project("{FAE04EC0-301F-11D3-BF4B-00C04F79EFBC}") = "Algorithms.Tests", "test\Algorithms.Tests\Algorithms.Tests.csproj", "{F61DA604-E6D2-4A6C-8F21-4F7CFFE56248}"
EndProject
Project("{2150E333-8FDC-42A3-9474-1A3956D46DE8}") = "src", "src", "{5ECE180E-33A3-427D-A4D8-212F17959FA8}"
EndProject
Project("{2150E333-8FDC-42A3-9474-1A3956D46DE8}") = "tests", "tests", "{C0822C0C-D8C8-4EC5-8ADA-352F09EE310C}"
EndProject
Project("{2150E333-8FDC-42A3-9474-1A3956D46DE8}") = "Solution Items", "Solution Items", "{A7A7DC57-BBBC-441D-AD56-80693CED4397}"
ProjectSection(SolutionItems) = preProject
	LICENSE.md = LICENSE.md
	README.md = README.md
	Directory.Build.props = Directory.Build.props
EndProjectSection
EndProject
Global
	GlobalSection(SolutionConfigurationPlatforms) = preSolution
		Debug|Any CPU = Debug|Any CPU
		Release|Any CPU = Release|Any CPU
	EndGlobalSection
	GlobalSection(ProjectConfigurationPlatforms) = postSolution
		{2587023C-779E-4DFF-A4BB-C500D12FF08C}.Debug|Any CPU.ActiveCfg = Debug|Any CPU
		{2587023C-779E-4DFF-A4BB-C500D12FF08C}.Debug|Any CPU.Build.0 = Debug|Any CPU
		{2587023C-779E-4DFF-A4BB-C500D12FF08C}.Release|Any CPU.ActiveCfg = Release|Any CPU
		{2587023C-779E-4DFF-A4BB-C500D12FF08C}.Release|Any CPU.Build.0 = Release|Any CPU
		{F61DA604-E6D2-4A6C-8F21-4F7CFFE56248}.Debug|Any CPU.ActiveCfg = Debug|Any CPU
		{F61DA604-E6D2-4A6C-8F21-4F7CFFE56248}.Debug|Any CPU.Build.0 = Debug|Any CPU
		{F61DA604-E6D2-4A6C-8F21-4F7CFFE56248}.Release|Any CPU.ActiveCfg = Release|Any CPU
		{F61DA604-E6D2-4A6C-8F21-4F7CFFE56248}.Release|Any CPU.Build.0 = Release|Any CPU
	EndGlobalSection
	GlobalSection(SolutionProperties) = preSolution
		HideSolutionNode = FALSE
	EndGlobalSection
	GlobalSection(NestedProjects) = preSolution
		{2587023C-779E-4DFF-A4BB-C500D12FF08C} = {5ECE180E-33A3-427D-A4D8-212F17959FA8}
		{F61DA604-E6D2-4A6C-8F21-4F7CFFE56248} = {C0822C0C-D8C8-4EC5-8ADA-352F09EE310C}
	EndGlobalSection
EndGlobal
